
Microsoft Visual Studio Solution File, Format Version 12.00
# Visual Studio 14
VisualStudioVersion = 14.0.25123.0
MinimumVisualStudioVersion = 10.0.40219.1
Project("{FAE04EC0-301F-11D3-BF4B-00C04F79EFBC}") = "ProjectTimelineGenerator", "ProjectTimelineGenerator\ProjectTimelineGenerator.csproj", "{92269A4F-65F0-4388-8FA2-0057730577FF}"
EndProject
Project("{F2A71F9B-5D33-465A-A702-920D77279786}") = "ProjectTimelineGeneratorLib", "ProjectTimelineGeneratorLib\ProjectTimelineGeneratorLib.fsproj", "{EABDD71F-41F6-4083-B26F-3D7934566E78}"
EndProject
Global
	GlobalSection(SolutionConfigurationPlatforms) = preSolution
		Debug|Any CPU = Debug|Any CPU
		Release|Any CPU = Release|Any CPU
	EndGlobalSection
	GlobalSection(ProjectConfigurationPlatforms) = postSolution
		{92269A4F-65F0-4388-8FA2-0057730577FF}.Debug|Any CPU.ActiveCfg = Debug|Any CPU
		{92269A4F-65F0-4388-8FA2-0057730577FF}.Debug|Any CPU.Build.0 = Debug|Any CPU
		{92269A4F-65F0-4388-8FA2-0057730577FF}.Release|Any CPU.ActiveCfg = Release|Any CPU
		{92269A4F-65F0-4388-8FA2-0057730577FF}.Release|Any CPU.Build.0 = Release|Any CPU
		{EABDD71F-41F6-4083-B26F-3D7934566E78}.Debug|Any CPU.ActiveCfg = Debug|Any CPU
		{EABDD71F-41F6-4083-B26F-3D7934566E78}.Debug|Any CPU.Build.0 = Debug|Any CPU
		{EABDD71F-41F6-4083-B26F-3D7934566E78}.Release|Any CPU.ActiveCfg = Release|Any CPU
		{EABDD71F-41F6-4083-B26F-3D7934566E78}.Release|Any CPU.Build.0 = Release|Any CPU
	EndGlobalSection
	GlobalSection(SolutionProperties) = preSolution
		HideSolutionNode = FALSE
	EndGlobalSection
EndGlobal
